
Microsoft Visual Studio Solution File, Format Version 12.00
# Visual Studio Version 17
VisualStudioVersion = 17.11.35222.181
MinimumVisualStudioVersion = 10.0.40219.1
Project("{FAE04EC0-301F-11D3-BF4B-00C04F79EFBC}") = "SimpleEnemyFight", "SimpleEnemyFight\SimpleEnemyFight.csproj", "{BA59BD57-B69D-4A5A-9CC4-C9C56255743E}"
EndProject
Global
	GlobalSection(SolutionConfigurationPlatforms) = preSolution
		Debug|Any CPU = Debug|Any CPU
		Release|Any CPU = Release|Any CPU
	EndGlobalSection
	GlobalSection(ProjectConfigurationPlatforms) = postSolution
		{BA59BD57-B69D-4A5A-9CC4-C9C56255743E}.Debug|Any CPU.ActiveCfg = Debug|Any CPU
		{BA59BD57-B69D-4A5A-9CC4-C9C56255743E}.Debug|Any CPU.Build.0 = Debug|Any CPU
		{BA59BD57-B69D-4A5A-9CC4-C9C56255743E}.Release|Any CPU.ActiveCfg = Release|Any CPU
		{BA59BD57-B69D-4A5A-9CC4-C9C56255743E}.Release|Any CPU.Build.0 = Release|Any CPU
	EndGlobalSection
	GlobalSection(SolutionProperties) = preSolution
		HideSolutionNode = FALSE
	EndGlobalSection
	GlobalSection(ExtensibilityGlobals) = postSolution
		SolutionGuid = {E12F70F6-97E1-4D7A-8138-4DCB705D8ECA}
	EndGlobalSection
EndGlobal
